
Microsoft Visual Studio Solution File, Format Version 12.00
# Visual Studio 15
VisualStudioVersion = 15.0.34320.172
MinimumVisualStudioVersion = 10.0.40219.1
Project("{FAE04EC0-301F-11D3-BF4B-00C04F79EFBC}") = "ScheduleSync", "ScheduleSync\ScheduleSync.csproj", "{803335FC-C835-49F0-835C-8241238087FC}"
EndProject
Global
	GlobalSection(SolutionConfigurationPlatforms) = preSolution
		Debug|Any CPU = Debug|Any CPU
		Release|Any CPU = Release|Any CPU
	EndGlobalSection
	GlobalSection(ProjectConfigurationPlatforms) = postSolution
		{803335FC-C835-49F0-835C-8241238087FC}.Debug|Any CPU.ActiveCfg = Debug|Any CPU
		{803335FC-C835-49F0-835C-8241238087FC}.Debug|Any CPU.Build.0 = Debug|Any CPU
		{803335FC-C835-49F0-835C-8241238087FC}.Release|Any CPU.ActiveCfg = Release|Any CPU
		{803335FC-C835-49F0-835C-8241238087FC}.Release|Any CPU.Build.0 = Release|Any CPU
	EndGlobalSection
	GlobalSection(SolutionProperties) = preSolution
		HideSolutionNode = FALSE
	EndGlobalSection
	GlobalSection(ExtensibilityGlobals) = postSolution
		SolutionGuid = {E2C761C2-C013-4F19-A402-91D0C951E097}
	EndGlobalSection
EndGlobal
